
Microsoft Visual Studio Solution File, Format Version 12.00
# Visual Studio Version 16
VisualStudioVersion = 16.0.31025.194
MinimumVisualStudioVersion = 10.0.40219.1
Project("{FAE04EC0-301F-11D3-BF4B-00C04F79EFBC}") = "TVMazeScraper", "TVMazeScraper\TVMazeScraper.csproj", "{D18F7E5D-620A-4E93-9611-580DED776826}"
EndProject
Global
	GlobalSection(SolutionConfigurationPlatforms) = preSolution
		Debug|Any CPU = Debug|Any CPU
		Release|Any CPU = Release|Any CPU
	EndGlobalSection
	GlobalSection(ProjectConfigurationPlatforms) = postSolution
		{D18F7E5D-620A-4E93-9611-580DED776826}.Debug|Any CPU.ActiveCfg = Debug|Any CPU
		{D18F7E5D-620A-4E93-9611-580DED776826}.Debug|Any CPU.Build.0 = Debug|Any CPU
		{D18F7E5D-620A-4E93-9611-580DED776826}.Release|Any CPU.ActiveCfg = Release|Any CPU
		{D18F7E5D-620A-4E93-9611-580DED776826}.Release|Any CPU.Build.0 = Release|Any CPU
	EndGlobalSection
	GlobalSection(SolutionProperties) = preSolution
		HideSolutionNode = FALSE
	EndGlobalSection
	GlobalSection(ExtensibilityGlobals) = postSolution
		SolutionGuid = {349DE6B0-9D08-425B-8024-8E6A3D51898D}
	EndGlobalSection
EndGlobal
